
Microsoft Visual Studio Solution File, Format Version 12.00
# Visual Studio Version 16
VisualStudioVersion = 16.0.31624.102
MinimumVisualStudioVersion = 10.0.40219.1
Project("{FAE04EC0-301F-11D3-BF4B-00C04F79EFBC}") = "MVP_ASP", "MVP_ASP.csproj", "{6A7B07C5-2DCF-4E02-A3BE-753D4F234171}"
EndProject
Global
	GlobalSection(SolutionConfigurationPlatforms) = preSolution
		Debug|Any CPU = Debug|Any CPU
		Release|Any CPU = Release|Any CPU
	EndGlobalSection
	GlobalSection(ProjectConfigurationPlatforms) = postSolution
		{6A7B07C5-2DCF-4E02-A3BE-753D4F234171}.Debug|Any CPU.ActiveCfg = Debug|Any CPU
		{6A7B07C5-2DCF-4E02-A3BE-753D4F234171}.Debug|Any CPU.Build.0 = Debug|Any CPU
		{6A7B07C5-2DCF-4E02-A3BE-753D4F234171}.Release|Any CPU.ActiveCfg = Release|Any CPU
		{6A7B07C5-2DCF-4E02-A3BE-753D4F234171}.Release|Any CPU.Build.0 = Release|Any CPU
	EndGlobalSection
	GlobalSection(SolutionProperties) = preSolution
		HideSolutionNode = FALSE
	EndGlobalSection
	GlobalSection(ExtensibilityGlobals) = postSolution
		SolutionGuid = {7F5CE3BF-A55C-46E8-BF62-87DE33B3B280}
	EndGlobalSection
EndGlobal
